
Microsoft Visual Studio Solution File, Format Version 12.00
# Visual Studio Version 17
VisualStudioVersion = 17.14.36811.4
MinimumVisualStudioVersion = 10.0.40219.1
Project("{FAE04EC0-301F-11D3-BF4B-00C04F79EFBC}") = "DominateDocsSite", "DominateDocsSite\DominateDocsSite.csproj", "{0E5F44CA-265B-AB79-E37F-DB2EB909D005}"
EndProject
Project("{FAE04EC0-301F-11D3-BF4B-00C04F79EFBC}") = "DocumentManager", "DocumentManager\DocumentManager.csproj", "{C5276947-A7E7-A367-984A-A7A2A7BD93B7}"
EndProject
Project("{FAE04EC0-301F-11D3-BF4B-00C04F79EFBC}") = "DominateDocsData", "DominateDocsData\DominateDocsData.csproj", "{0AB65E72-ACE2-3B38-DC90-E7715E7E8865}"
EndProject
Project("{FAE04EC0-301F-11D3-BF4B-00C04F79EFBC}") = "StripeBillingManager", "StripeBillingManager\StripeBillingManager.csproj", "{91165219-9091-C412-D393-3E35E07ADBC5}"
EndProject
Project("{FAE04EC0-301F-11D3-BF4B-00C04F79EFBC}") = "DominateDocsNotify", "DominateDocsNotifier\DominateDocsNotify.csproj", "{3064F210-103D-4AB1-44EF-7B87957D6015}"
EndProject
Global
	GlobalSection(SolutionConfigurationPlatforms) = preSolution
		Debug|Any CPU = Debug|Any CPU
		Release|Any CPU = Release|Any CPU
	EndGlobalSection
	GlobalSection(ProjectConfigurationPlatforms) = postSolution
		{0E5F44CA-265B-AB79-E37F-DB2EB909D005}.Debug|Any CPU.ActiveCfg = Debug|Any CPU
		{0E5F44CA-265B-AB79-E37F-DB2EB909D005}.Debug|Any CPU.Build.0 = Debug|Any CPU
		{0E5F44CA-265B-AB79-E37F-DB2EB909D005}.Release|Any CPU.ActiveCfg = Release|Any CPU
		{0E5F44CA-265B-AB79-E37F-DB2EB909D005}.Release|Any CPU.Build.0 = Release|Any CPU
		{C5276947-A7E7-A367-984A-A7A2A7BD93B7}.Debug|Any CPU.ActiveCfg = Debug|Any CPU
		{C5276947-A7E7-A367-984A-A7A2A7BD93B7}.Debug|Any CPU.Build.0 = Debug|Any CPU
		{C5276947-A7E7-A367-984A-A7A2A7BD93B7}.Release|Any CPU.ActiveCfg = Release|Any CPU
		{C5276947-A7E7-A367-984A-A7A2A7BD93B7}.Release|Any CPU.Build.0 = Release|Any CPU
		{0AB65E72-ACE2-3B38-DC90-E7715E7E8865}.Debug|Any CPU.ActiveCfg = Debug|Any CPU
		{0AB65E72-ACE2-3B38-DC90-E7715E7E8865}.Debug|Any CPU.Build.0 = Debug|Any CPU
		{0AB65E72-ACE2-3B38-DC90-E7715E7E8865}.Release|Any CPU.ActiveCfg = Release|Any CPU
		{0AB65E72-ACE2-3B38-DC90-E7715E7E8865}.Release|Any CPU.Build.0 = Release|Any CPU
		{91165219-9091-C412-D393-3E35E07ADBC5}.Debug|Any CPU.ActiveCfg = Debug|Any CPU
		{91165219-9091-C412-D393-3E35E07ADBC5}.Debug|Any CPU.Build.0 = Debug|Any CPU
		{91165219-9091-C412-D393-3E35E07ADBC5}.Release|Any CPU.ActiveCfg = Release|Any CPU
		{91165219-9091-C412-D393-3E35E07ADBC5}.Release|Any CPU.Build.0 = Release|Any CPU
		{3064F210-103D-4AB1-44EF-7B87957D6015}.Debug|Any CPU.ActiveCfg = Debug|Any CPU
		{3064F210-103D-4AB1-44EF-7B87957D6015}.Debug|Any CPU.Build.0 = Debug|Any CPU
		{3064F210-103D-4AB1-44EF-7B87957D6015}.Release|Any CPU.ActiveCfg = Release|Any CPU
		{3064F210-103D-4AB1-44EF-7B87957D6015}.Release|Any CPU.Build.0 = Release|Any CPU
	EndGlobalSection
	GlobalSection(SolutionProperties) = preSolution
		HideSolutionNode = FALSE
	EndGlobalSection
	GlobalSection(ExtensibilityGlobals) = postSolution
		SolutionGuid = {BCA2096C-CADC-4325-B5C4-36A5A2DDA9A3}
	EndGlobalSection
EndGlobal
