
Microsoft Visual Studio Solution File, Format Version 12.00
# Visual Studio Version 17
VisualStudioVersion = 17.14.36811.4 d17.14
MinimumVisualStudioVersion = 10.0.40219.1
Project("{FAE04EC0-301F-11D3-BF4B-00C04F79EFBC}") = "StripeBillingManager", "StripeBillingManager.csproj", "{71BA9603-F511-D72C-C39F-8D183E03D665}"
EndProject
Global
	GlobalSection(SolutionConfigurationPlatforms) = preSolution
		Debug|Any CPU = Debug|Any CPU
		Release|Any CPU = Release|Any CPU
	EndGlobalSection
	GlobalSection(ProjectConfigurationPlatforms) = postSolution
		{71BA9603-F511-D72C-C39F-8D183E03D665}.Debug|Any CPU.ActiveCfg = Debug|Any CPU
		{71BA9603-F511-D72C-C39F-8D183E03D665}.Debug|Any CPU.Build.0 = Debug|Any CPU
		{71BA9603-F511-D72C-C39F-8D183E03D665}.Release|Any CPU.ActiveCfg = Release|Any CPU
		{71BA9603-F511-D72C-C39F-8D183E03D665}.Release|Any CPU.Build.0 = Release|Any CPU
	EndGlobalSection
	GlobalSection(SolutionProperties) = preSolution
		HideSolutionNode = FALSE
	EndGlobalSection
	GlobalSection(ExtensibilityGlobals) = postSolution
		SolutionGuid = {89CFC61C-7DC3-4EEA-AE81-481A7C0E0E23}
	EndGlobalSection
EndGlobal
